
Microsoft Visual Studio Solution File, Format Version 12.00
# Visual Studio Version 17
VisualStudioVersion = 17.9.34622.214
MinimumVisualStudioVersion = 10.0.40219.1
Project("{FAE04EC0-301F-11D3-BF4B-00C04F79EFBC}") = "KafkaProducer", "KafkaProducer\KafkaProducer.csproj", "{9288BA67-6EEC-413D-B367-89A7C7BD613D}"
EndProject
Project("{FAE04EC0-301F-11D3-BF4B-00C04F79EFBC}") = "KafkaConsumerWorker", "KafkaConsumerWorker\KafkaConsumerWorker.csproj", "{FE63539A-BFA9-4143-AAF9-7F9F45015CA7}"
EndProject
Global
	GlobalSection(SolutionConfigurationPlatforms) = preSolution
		Debug|Any CPU = Debug|Any CPU
		Release|Any CPU = Release|Any CPU
	EndGlobalSection
	GlobalSection(ProjectConfigurationPlatforms) = postSolution
		{9288BA67-6EEC-413D-B367-89A7C7BD613D}.Debug|Any CPU.ActiveCfg = Debug|Any CPU
		{9288BA67-6EEC-413D-B367-89A7C7BD613D}.Debug|Any CPU.Build.0 = Debug|Any CPU
		{9288BA67-6EEC-413D-B367-89A7C7BD613D}.Release|Any CPU.ActiveCfg = Release|Any CPU
		{9288BA67-6EEC-413D-B367-89A7C7BD613D}.Release|Any CPU.Build.0 = Release|Any CPU
		{FE63539A-BFA9-4143-AAF9-7F9F45015CA7}.Debug|Any CPU.ActiveCfg = Debug|Any CPU
		{FE63539A-BFA9-4143-AAF9-7F9F45015CA7}.Debug|Any CPU.Build.0 = Debug|Any CPU
		{FE63539A-BFA9-4143-AAF9-7F9F45015CA7}.Release|Any CPU.ActiveCfg = Release|Any CPU
		{FE63539A-BFA9-4143-AAF9-7F9F45015CA7}.Release|Any CPU.Build.0 = Release|Any CPU
	EndGlobalSection
	GlobalSection(SolutionProperties) = preSolution
		HideSolutionNode = FALSE
	EndGlobalSection
	GlobalSection(ExtensibilityGlobals) = postSolution
		SolutionGuid = {578298B0-A1F2-4AA0-9609-775E79940CA0}
	EndGlobalSection
EndGlobal
